
Microsoft Visual Studio Solution File, Format Version 12.00
# Visual Studio Version 17
VisualStudioVersion = 17.4.33213.308
MinimumVisualStudioVersion = 10.0.40219.1
Project("{2150E333-8FDC-42A3-9474-1A3956D46DE8}") = "tests", "tests", "{D298437B-FC24-4930-9BF0-866E6A84DB60}"
EndProject
Project("{9A19103F-16F7-4668-BE54-9A1E7A4F7556}") = "Twitter.Stats.Application.UnitTests", "tests\Twitter.Stats.Application.UnitTests\Twitter.Stats.Application.UnitTests.csproj", "{69C68222-63FF-43B7-ABE4-CDDE59EA9FDF}"
EndProject
Project("{9A19103F-16F7-4668-BE54-9A1E7A4F7556}") = "Twitter.Stats.Infrastructure.UnitTests", "tests\Twitter.Stats.Infrastructure.UnitTests\Twitter.Stats.Infrastructure.UnitTests.csproj", "{1C8EA176-F22F-469C-A259-5197910AAD08}"
EndProject
Project("{2150E333-8FDC-42A3-9474-1A3956D46DE8}") = "src", "src", "{EC957A5B-6ECF-4E8E-8418-58A18CDD1332}"
EndProject
Project("{2150E333-8FDC-42A3-9474-1A3956D46DE8}") = "Web", "Web", "{9E5D61A8-998A-4DD8-84AF-9A9F08255900}"
EndProject
Project("{2150E333-8FDC-42A3-9474-1A3956D46DE8}") = "Services", "Services", "{0A010D9C-8A4A-4777-9854-A652CB205047}"
EndProject
Project("{9A19103F-16F7-4668-BE54-9A1E7A4F7556}") = "Twitter.Web", "src\Web\Twitter.Web\Twitter.Web.csproj", "{BA3FCF61-D16A-486C-B267-60D6688E9ACA}"
EndProject
Project("{9A19103F-16F7-4668-BE54-9A1E7A4F7556}") = "Twitter.Hashtag.Service", "src\Services\Twitter.Hashtag.Service\Twitter.Hashtag.Service.csproj", "{98C81A32-FA23-4C98-9EDA-82ACFC68E047}"
EndProject
Project("{9A19103F-16F7-4668-BE54-9A1E7A4F7556}") = "Twitter.Stats.API", "src\Services\Twitter.Stats.API\Twitter.Stats.API.csproj", "{A4093294-E34F-4704-82F6-C609F60987DC}"
EndProject
Project("{9A19103F-16F7-4668-BE54-9A1E7A4F7556}") = "Twitter.Stats.Application", "src\Services\Twitter.Stats.Application\Twitter.Stats.Application.csproj", "{448F528A-5BC2-433F-BA72-BDC1672B6BBC}"
EndProject
Project("{9A19103F-16F7-4668-BE54-9A1E7A4F7556}") = "Twitter.Stats.Domain", "src\Services\Twitter.Stats.Domain\Twitter.Stats.Domain.csproj", "{2286FA1A-5643-4EF9-8C09-2601EA418C2C}"
EndProject
Project("{9A19103F-16F7-4668-BE54-9A1E7A4F7556}") = "Twitter.Stats.Infrastructure", "src\Services\Twitter.Stats.Infrastructure\Twitter.Stats.Infrastructure.csproj", "{83D404AE-AF1A-4961-9224-39A987CA86C2}"
EndProject
Global
	GlobalSection(SolutionConfigurationPlatforms) = preSolution
		Debug|Any CPU = Debug|Any CPU
		Release|Any CPU = Release|Any CPU
	EndGlobalSection
	GlobalSection(ProjectConfigurationPlatforms) = postSolution
		{69C68222-63FF-43B7-ABE4-CDDE59EA9FDF}.Debug|Any CPU.ActiveCfg = Debug|Any CPU
		{69C68222-63FF-43B7-ABE4-CDDE59EA9FDF}.Debug|Any CPU.Build.0 = Debug|Any CPU
		{69C68222-63FF-43B7-ABE4-CDDE59EA9FDF}.Release|Any CPU.ActiveCfg = Release|Any CPU
		{69C68222-63FF-43B7-ABE4-CDDE59EA9FDF}.Release|Any CPU.Build.0 = Release|Any CPU
		{1C8EA176-F22F-469C-A259-5197910AAD08}.Debug|Any CPU.ActiveCfg = Debug|Any CPU
		{1C8EA176-F22F-469C-A259-5197910AAD08}.Debug|Any CPU.Build.0 = Debug|Any CPU
		{1C8EA176-F22F-469C-A259-5197910AAD08}.Release|Any CPU.ActiveCfg = Release|Any CPU
		{1C8EA176-F22F-469C-A259-5197910AAD08}.Release|Any CPU.Build.0 = Release|Any CPU
		{BA3FCF61-D16A-486C-B267-60D6688E9ACA}.Debug|Any CPU.ActiveCfg = Debug|Any CPU
		{BA3FCF61-D16A-486C-B267-60D6688E9ACA}.Debug|Any CPU.Build.0 = Debug|Any CPU
		{BA3FCF61-D16A-486C-B267-60D6688E9ACA}.Release|Any CPU.ActiveCfg = Release|Any CPU
		{BA3FCF61-D16A-486C-B267-60D6688E9ACA}.Release|Any CPU.Build.0 = Release|Any CPU
		{98C81A32-FA23-4C98-9EDA-82ACFC68E047}.Debug|Any CPU.ActiveCfg = Debug|Any CPU
		{98C81A32-FA23-4C98-9EDA-82ACFC68E047}.Debug|Any CPU.Build.0 = Debug|Any CPU
		{98C81A32-FA23-4C98-9EDA-82ACFC68E047}.Release|Any CPU.ActiveCfg = Release|Any CPU
		{98C81A32-FA23-4C98-9EDA-82ACFC68E047}.Release|Any CPU.Build.0 = Release|Any CPU
		{A4093294-E34F-4704-82F6-C609F60987DC}.Debug|Any CPU.ActiveCfg = Debug|Any CPU
		{A4093294-E34F-4704-82F6-C609F60987DC}.Debug|Any CPU.Build.0 = Debug|Any CPU
		{A4093294-E34F-4704-82F6-C609F60987DC}.Release|Any CPU.ActiveCfg = Release|Any CPU
		{A4093294-E34F-4704-82F6-C609F60987DC}.Release|Any CPU.Build.0 = Release|Any CPU
		{448F528A-5BC2-433F-BA72-BDC1672B6BBC}.Debug|Any CPU.ActiveCfg = Debug|Any CPU
		{448F528A-5BC2-433F-BA72-BDC1672B6BBC}.Debug|Any CPU.Build.0 = Debug|Any CPU
		{448F528A-5BC2-433F-BA72-BDC1672B6BBC}.Release|Any CPU.ActiveCfg = Release|Any CPU
		{448F528A-5BC2-433F-BA72-BDC1672B6BBC}.Release|Any CPU.Build.0 = Release|Any CPU
		{2286FA1A-5643-4EF9-8C09-2601EA418C2C}.Debug|Any CPU.ActiveCfg = Debug|Any CPU
		{2286FA1A-5643-4EF9-8C09-2601EA418C2C}.Debug|Any CPU.Build.0 = Debug|Any CPU
		{2286FA1A-5643-4EF9-8C09-2601EA418C2C}.Release|Any CPU.ActiveCfg = Release|Any CPU
		{2286FA1A-5643-4EF9-8C09-2601EA418C2C}.Release|Any CPU.Build.0 = Release|Any CPU
		{83D404AE-AF1A-4961-9224-39A987CA86C2}.Debug|Any CPU.ActiveCfg = Debug|Any CPU
		{83D404AE-AF1A-4961-9224-39A987CA86C2}.Debug|Any CPU.Build.0 = Debug|Any CPU
		{83D404AE-AF1A-4961-9224-39A987CA86C2}.Release|Any CPU.ActiveCfg = Release|Any CPU
		{83D404AE-AF1A-4961-9224-39A987CA86C2}.Release|Any CPU.Build.0 = Release|Any CPU
	EndGlobalSection
	GlobalSection(SolutionProperties) = preSolution
		HideSolutionNode = FALSE
	EndGlobalSection
	GlobalSection(NestedProjects) = preSolution
		{69C68222-63FF-43B7-ABE4-CDDE59EA9FDF} = {D298437B-FC24-4930-9BF0-866E6A84DB60}
		{1C8EA176-F22F-469C-A259-5197910AAD08} = {D298437B-FC24-4930-9BF0-866E6A84DB60}
		{9E5D61A8-998A-4DD8-84AF-9A9F08255900} = {EC957A5B-6ECF-4E8E-8418-58A18CDD1332}
		{0A010D9C-8A4A-4777-9854-A652CB205047} = {EC957A5B-6ECF-4E8E-8418-58A18CDD1332}
		{BA3FCF61-D16A-486C-B267-60D6688E9ACA} = {9E5D61A8-998A-4DD8-84AF-9A9F08255900}
		{98C81A32-FA23-4C98-9EDA-82ACFC68E047} = {0A010D9C-8A4A-4777-9854-A652CB205047}
		{A4093294-E34F-4704-82F6-C609F60987DC} = {0A010D9C-8A4A-4777-9854-A652CB205047}
		{448F528A-5BC2-433F-BA72-BDC1672B6BBC} = {0A010D9C-8A4A-4777-9854-A652CB205047}
		{2286FA1A-5643-4EF9-8C09-2601EA418C2C} = {0A010D9C-8A4A-4777-9854-A652CB205047}
		{83D404AE-AF1A-4961-9224-39A987CA86C2} = {0A010D9C-8A4A-4777-9854-A652CB205047}
	EndGlobalSection
	GlobalSection(ExtensibilityGlobals) = postSolution
		SolutionGuid = {E91FC147-70CE-488E-8617-146100FABDB7}
	EndGlobalSection
EndGlobal
